Microsoft Visual Studio Solution File, Format Version 12.00
# Visual Studio Version 17
VisualStudioVersion = 17.5.2.0
MinimumVisualStudioVersion = 10.0.40219.1
Project("{FAE04EC0-301F-11D3-BF4B-00C04F79EFBC}") = "WebApplicationDemo", "WebApplicationDemo.csproj", "{418FFA1F-0B03-87A5-887A-29BE637BA750}"
EndProject
Global
	GlobalSection(SolutionConfigurationPlatforms) = preSolution
		Debug|Any CPU = Debug|Any CPU
		Release|Any CPU = Release|Any CPU
	EndGlobalSection
	GlobalSection(ProjectConfigurationPlatforms) = postSolution
		{418FFA1F-0B03-87A5-887A-29BE637BA750}.Debug|Any CPU.ActiveCfg = Debug|Any CPU
		{418FFA1F-0B03-87A5-887A-29BE637BA750}.Debug|Any CPU.Build.0 = Debug|Any CPU
		{418FFA1F-0B03-87A5-887A-29BE637BA750}.Release|Any CPU.ActiveCfg = Release|Any CPU
		{418FFA1F-0B03-87A5-887A-29BE637BA750}.Release|Any CPU.Build.0 = Release|Any CPU
	EndGlobalSection
	GlobalSection(SolutionProperties) = preSolution
		HideSolutionNode = FALSE
	EndGlobalSection
	GlobalSection(ExtensibilityGlobals) = postSolution
		SolutionGuid = {DA1704DF-7F54-4B81-956F-01F839A6E97F}
	EndGlobalSection
EndGlobal
